
Microsoft Visual Studio Solution File, Format Version 12.00
# Visual Studio Version 16
VisualStudioVersion = 16.0.30114.105
MinimumVisualStudioVersion = 10.0.40219.1
Project("{2150E333-8FDC-42A3-9474-1A3956D46DE8}") = "Hackney.Core", "Hackney.Core", "{DD4E3D30-0E52-4420-B669-3BD77546ADE8}"
EndProject
Project("{FAE04EC0-301F-11D3-BF4B-00C04F79EFBC}") = "Hackney.Core.DynamoDb", "Hackney.Core\Hackney.Core.DynamoDb\Hackney.Core.DynamoDb.csproj", "{D1DD80C1-9759-4EE6-8999-3B2DF80F2F3B}"
EndProject
Project("{FAE04EC0-301F-11D3-BF4B-00C04F79EFBC}") = "Hackney.Core.HealthCheck", "Hackney.Core\Hackney.Core.HealthCheck\Hackney.Core.HealthCheck.csproj", "{467B771C-FF08-4838-BEB4-1743D18439DD}"
EndProject
Project("{FAE04EC0-301F-11D3-BF4B-00C04F79EFBC}") = "Hackney.Core.Http", "Hackney.Core\Hackney.Core.Http\Hackney.Core.Http.csproj", "{922AF4AC-07C1-409C-9116-CA4A275217C3}"
EndProject
Project("{FAE04EC0-301F-11D3-BF4B-00C04F79EFBC}") = "Hackney.Core.JWT", "Hackney.Core\Hackney.Core.JWT\Hackney.Core.JWT.csproj", "{69A3A0F5-6D5F-4C58-83C4-29596FE0C0B2}"
EndProject
Project("{FAE04EC0-301F-11D3-BF4B-00C04F79EFBC}") = "Hackney.Core.Logging", "Hackney.Core\Hackney.Core.Logging\Hackney.Core.Logging.csproj", "{4FDF762B-0F73-4DD5-B3E1-EB71708B6B34}"
EndProject
Project("{FAE04EC0-301F-11D3-BF4B-00C04F79EFBC}") = "Hackney.Core.Middleware", "Hackney.Core\Hackney.Core.Middleware\Hackney.Core.Middleware.csproj", "{5607B497-360C-4F2A-B90B-6D7E46052C62}"
EndProject
Project("{FAE04EC0-301F-11D3-BF4B-00C04F79EFBC}") = "Hackney.Core.Sns", "Hackney.Core\Hackney.Core.Sns\Hackney.Core.Sns.csproj", "{AAB03CC5-B3B6-4DF4-97FF-DB37951EB850}"
EndProject
Project("{FAE04EC0-301F-11D3-BF4B-00C04F79EFBC}") = "Hackney.Core.Validation", "Hackney.Core\Hackney.Core.Validation\Hackney.Core.Validation.csproj", "{A9EB89EE-F292-4F8B-9125-4476242E7456}"
EndProject
Project("{2150E333-8FDC-42A3-9474-1A3956D46DE8}") = "Hackney.Core.Testing", "Hackney.Core.Testing", "{08E47F80-D83A-433A-8693-A3E63E1B9EC5}"
EndProject
Project("{FAE04EC0-301F-11D3-BF4B-00C04F79EFBC}") = "Hackney.Core.Testing.Shared", "Hackney.Core\Hackney.Core.Testing\Hackney.Core.Testing.Shared\Hackney.Core.Testing.Shared.csproj", "{75759C3A-35F6-4C6B-8DEF-497DFEF493E2}"
EndProject
Project("{FAE04EC0-301F-11D3-BF4B-00C04F79EFBC}") = "Hackney.Core.Testing.DynamoDb", "Hackney.Core\Hackney.Core.Testing\Hackney.Core.Testing.DynamoDb\Hackney.Core.Testing.DynamoDb.csproj", "{50615581-630A-4A0F-B3F4-70396E2E68FB}"
EndProject
Project("{FAE04EC0-301F-11D3-BF4B-00C04F79EFBC}") = "Hackney.Core.Testing.ElasticSearch", "Hackney.Core\Hackney.Core.Testing\Hackney.Core.Testing.ElasticSearch\Hackney.Core.Testing.ElasticSearch.csproj", "{32F936B5-E965-4DB4-8C23-EC2957F76749}"
EndProject
Project("{2150E333-8FDC-42A3-9474-1A3956D46DE8}") = "Hackney.Core.Tests", "Hackney.Core.Tests", "{558EAE9E-5DD2-4C7A-B220-082D43259FC7}"
EndProject
Project("{FAE04EC0-301F-11D3-BF4B-00C04F79EFBC}") = "Hackney.Core.Tests.DynamoDb", "Hackney.Core.Tests\Hackney.Core.Tests.DynamoDb\Hackney.Core.Tests.DynamoDb.csproj", "{885DD272-5DCF-4756-91E8-CCD4F94E9079}"
EndProject
Project("{FAE04EC0-301F-11D3-BF4B-00C04F79EFBC}") = "Hackney.Core.Tests.HealthCheck", "Hackney.Core.Tests\Hackney.Core.Tests.HealthCheck\Hackney.Core.Tests.HealthCheck.csproj", "{993BF04F-4667-4C71-AF9C-3C84E694DFC2}"
EndProject
Project("{FAE04EC0-301F-11D3-BF4B-00C04F79EFBC}") = "Hackney.Core.Tests.Http", "Hackney.Core.Tests\Hackney.Core.Tests.Http\Hackney.Core.Tests.Http.csproj", "{3A859FBB-64BD-4A43-8CA7-B69444ABEBBA}"
EndProject
Project("{FAE04EC0-301F-11D3-BF4B-00C04F79EFBC}") = "Hackney.Core.Tests.JWT", "Hackney.Core.Tests\Hackney.Core.Tests.JWT\Hackney.Core.Tests.JWT.csproj", "{0C472875-5A64-47D5-A3D3-85654B9AD59E}"
EndProject
Project("{FAE04EC0-301F-11D3-BF4B-00C04F79EFBC}") = "Hackney.Core.Tests.Logging", "Hackney.Core.Tests\Hackney.Core.Tests.Logging\Hackney.Core.Tests.Logging.csproj", "{19558DD1-77F0-4D3A-BA18-96863D2F7669}"
EndProject
Project("{FAE04EC0-301F-11D3-BF4B-00C04F79EFBC}") = "Hackney.Core.Tests.Middleware", "Hackney.Core.Tests\Hackney.Core.Tests.Middleware\Hackney.Core.Tests.Middleware.csproj", "{91C0E963-86DB-4783-848D-028EA63D55ED}"
EndProject
Project("{FAE04EC0-301F-11D3-BF4B-00C04F79EFBC}") = "Hackney.Core.Tests.Sns", "Hackney.Core.Tests\Hackney.Core.Tests.Sns\Hackney.Core.Tests.Sns.csproj", "{F6474138-ADF9-429B-8CAC-8452AFCBD750}"
EndProject
Project("{FAE04EC0-301F-11D3-BF4B-00C04F79EFBC}") = "Hackney.Core.Tests.Validation", "Hackney.Core.Tests\Hackney.Core.Tests.Validation\Hackney.Core.Tests.Validation.csproj", "{3FFDB358-B01E-40F9-8F5D-0592619BC049}"
EndProject
Global
	GlobalSection(SolutionConfigurationPlatforms) = preSolution
		Debug|Any CPU = Debug|Any CPU
		Release|Any CPU = Release|Any CPU
	EndGlobalSection
	GlobalSection(SolutionProperties) = preSolution
		HideSolutionNode = FALSE
	EndGlobalSection
	GlobalSection(ProjectConfigurationPlatforms) = postSolution
		{D1DD80C1-9759-4EE6-8999-3B2DF80F2F3B}.Debug|Any CPU.ActiveCfg = Debug|Any CPU
		{D1DD80C1-9759-4EE6-8999-3B2DF80F2F3B}.Debug|Any CPU.Build.0 = Debug|Any CPU
		{D1DD80C1-9759-4EE6-8999-3B2DF80F2F3B}.Release|Any CPU.ActiveCfg = Release|Any CPU
		{D1DD80C1-9759-4EE6-8999-3B2DF80F2F3B}.Release|Any CPU.Build.0 = Release|Any CPU
		{467B771C-FF08-4838-BEB4-1743D18439DD}.Debug|Any CPU.ActiveCfg = Debug|Any CPU
		{467B771C-FF08-4838-BEB4-1743D18439DD}.Debug|Any CPU.Build.0 = Debug|Any CPU
		{467B771C-FF08-4838-BEB4-1743D18439DD}.Release|Any CPU.ActiveCfg = Release|Any CPU
		{467B771C-FF08-4838-BEB4-1743D18439DD}.Release|Any CPU.Build.0 = Release|Any CPU
		{922AF4AC-07C1-409C-9116-CA4A275217C3}.Debug|Any CPU.ActiveCfg = Debug|Any CPU
		{922AF4AC-07C1-409C-9116-CA4A275217C3}.Debug|Any CPU.Build.0 = Debug|Any CPU
		{922AF4AC-07C1-409C-9116-CA4A275217C3}.Release|Any CPU.ActiveCfg = Release|Any CPU
		{922AF4AC-07C1-409C-9116-CA4A275217C3}.Release|Any CPU.Build.0 = Release|Any CPU
		{69A3A0F5-6D5F-4C58-83C4-29596FE0C0B2}.Debug|Any CPU.ActiveCfg = Debug|Any CPU
		{69A3A0F5-6D5F-4C58-83C4-29596FE0C0B2}.Debug|Any CPU.Build.0 = Debug|Any CPU
		{69A3A0F5-6D5F-4C58-83C4-29596FE0C0B2}.Release|Any CPU.ActiveCfg = Release|Any CPU
		{69A3A0F5-6D5F-4C58-83C4-29596FE0C0B2}.Release|Any CPU.Build.0 = Release|Any CPU
		{4FDF762B-0F73-4DD5-B3E1-EB71708B6B34}.Debug|Any CPU.ActiveCfg = Debug|Any CPU
		{4FDF762B-0F73-4DD5-B3E1-EB71708B6B34}.Debug|Any CPU.Build.0 = Debug|Any CPU
		{4FDF762B-0F73-4DD5-B3E1-EB71708B6B34}.Release|Any CPU.ActiveCfg = Release|Any CPU
		{4FDF762B-0F73-4DD5-B3E1-EB71708B6B34}.Release|Any CPU.Build.0 = Release|Any CPU
		{5607B497-360C-4F2A-B90B-6D7E46052C62}.Debug|Any CPU.ActiveCfg = Debug|Any CPU
		{5607B497-360C-4F2A-B90B-6D7E46052C62}.Debug|Any CPU.Build.0 = Debug|Any CPU
		{5607B497-360C-4F2A-B90B-6D7E46052C62}.Release|Any CPU.ActiveCfg = Release|Any CPU
		{5607B497-360C-4F2A-B90B-6D7E46052C62}.Release|Any CPU.Build.0 = Release|Any CPU
		{AAB03CC5-B3B6-4DF4-97FF-DB37951EB850}.Debug|Any CPU.ActiveCfg = Debug|Any CPU
		{AAB03CC5-B3B6-4DF4-97FF-DB37951EB850}.Debug|Any CPU.Build.0 = Debug|Any CPU
		{AAB03CC5-B3B6-4DF4-97FF-DB37951EB850}.Release|Any CPU.ActiveCfg = Release|Any CPU
		{AAB03CC5-B3B6-4DF4-97FF-DB37951EB850}.Release|Any CPU.Build.0 = Release|Any CPU
		{A9EB89EE-F292-4F8B-9125-4476242E7456}.Debug|Any CPU.ActiveCfg = Debug|Any CPU
		{A9EB89EE-F292-4F8B-9125-4476242E7456}.Debug|Any CPU.Build.0 = Debug|Any CPU
		{A9EB89EE-F292-4F8B-9125-4476242E7456}.Release|Any CPU.ActiveCfg = Release|Any CPU
		{A9EB89EE-F292-4F8B-9125-4476242E7456}.Release|Any CPU.Build.0 = Release|Any CPU
		{75759C3A-35F6-4C6B-8DEF-497DFEF493E2}.Debug|Any CPU.ActiveCfg = Debug|Any CPU
		{75759C3A-35F6-4C6B-8DEF-497DFEF493E2}.Debug|Any CPU.Build.0 = Debug|Any CPU
		{75759C3A-35F6-4C6B-8DEF-497DFEF493E2}.Release|Any CPU.ActiveCfg = Release|Any CPU
		{75759C3A-35F6-4C6B-8DEF-497DFEF493E2}.Release|Any CPU.Build.0 = Release|Any CPU
		{50615581-630A-4A0F-B3F4-70396E2E68FB}.Debug|Any CPU.ActiveCfg = Debug|Any CPU
		{50615581-630A-4A0F-B3F4-70396E2E68FB}.Debug|Any CPU.Build.0 = Debug|Any CPU
		{50615581-630A-4A0F-B3F4-70396E2E68FB}.Release|Any CPU.ActiveCfg = Release|Any CPU
		{50615581-630A-4A0F-B3F4-70396E2E68FB}.Release|Any CPU.Build.0 = Release|Any CPU
		{32F936B5-E965-4DB4-8C23-EC2957F76749}.Debug|Any CPU.ActiveCfg = Debug|Any CPU
		{32F936B5-E965-4DB4-8C23-EC2957F76749}.Debug|Any CPU.Build.0 = Debug|Any CPU
		{32F936B5-E965-4DB4-8C23-EC2957F76749}.Release|Any CPU.ActiveCfg = Release|Any CPU
		{32F936B5-E965-4DB4-8C23-EC2957F76749}.Release|Any CPU.Build.0 = Release|Any CPU
		{885DD272-5DCF-4756-91E8-CCD4F94E9079}.Debug|Any CPU.ActiveCfg = Debug|Any CPU
		{885DD272-5DCF-4756-91E8-CCD4F94E9079}.Debug|Any CPU.Build.0 = Debug|Any CPU
		{885DD272-5DCF-4756-91E8-CCD4F94E9079}.Release|Any CPU.ActiveCfg = Release|Any CPU
		{885DD272-5DCF-4756-91E8-CCD4F94E9079}.Release|Any CPU.Build.0 = Release|Any CPU
		{993BF04F-4667-4C71-AF9C-3C84E694DFC2}.Debug|Any CPU.ActiveCfg = Debug|Any CPU
		{993BF04F-4667-4C71-AF9C-3C84E694DFC2}.Debug|Any CPU.Build.0 = Debug|Any CPU
		{993BF04F-4667-4C71-AF9C-3C84E694DFC2}.Release|Any CPU.ActiveCfg = Release|Any CPU
		{993BF04F-4667-4C71-AF9C-3C84E694DFC2}.Release|Any CPU.Build.0 = Release|Any CPU
		{3A859FBB-64BD-4A43-8CA7-B69444ABEBBA}.Debug|Any CPU.ActiveCfg = Debug|Any CPU
		{3A859FBB-64BD-4A43-8CA7-B69444ABEBBA}.Debug|Any CPU.Build.0 = Debug|Any CPU
		{3A859FBB-64BD-4A43-8CA7-B69444ABEBBA}.Release|Any CPU.ActiveCfg = Release|Any CPU
		{3A859FBB-64BD-4A43-8CA7-B69444ABEBBA}.Release|Any CPU.Build.0 = Release|Any CPU
		{0C472875-5A64-47D5-A3D3-85654B9AD59E}.Debug|Any CPU.ActiveCfg = Debug|Any CPU
		{0C472875-5A64-47D5-A3D3-85654B9AD59E}.Debug|Any CPU.Build.0 = Debug|Any CPU
		{0C472875-5A64-47D5-A3D3-85654B9AD59E}.Release|Any CPU.ActiveCfg = Release|Any CPU
		{0C472875-5A64-47D5-A3D3-85654B9AD59E}.Release|Any CPU.Build.0 = Release|Any CPU
		{19558DD1-77F0-4D3A-BA18-96863D2F7669}.Debug|Any CPU.ActiveCfg = Debug|Any CPU
		{19558DD1-77F0-4D3A-BA18-96863D2F7669}.Debug|Any CPU.Build.0 = Debug|Any CPU
		{19558DD1-77F0-4D3A-BA18-96863D2F7669}.Release|Any CPU.ActiveCfg = Release|Any CPU
		{19558DD1-77F0-4D3A-BA18-96863D2F7669}.Release|Any CPU.Build.0 = Release|Any CPU
		{91C0E963-86DB-4783-848D-028EA63D55ED}.Debug|Any CPU.ActiveCfg = Debug|Any CPU
		{91C0E963-86DB-4783-848D-028EA63D55ED}.Debug|Any CPU.Build.0 = Debug|Any CPU
		{91C0E963-86DB-4783-848D-028EA63D55ED}.Release|Any CPU.ActiveCfg = Release|Any CPU
		{91C0E963-86DB-4783-848D-028EA63D55ED}.Release|Any CPU.Build.0 = Release|Any CPU
		{F6474138-ADF9-429B-8CAC-8452AFCBD750}.Debug|Any CPU.ActiveCfg = Debug|Any CPU
		{F6474138-ADF9-429B-8CAC-8452AFCBD750}.Debug|Any CPU.Build.0 = Debug|Any CPU
		{F6474138-ADF9-429B-8CAC-8452AFCBD750}.Release|Any CPU.ActiveCfg = Release|Any CPU
		{F6474138-ADF9-429B-8CAC-8452AFCBD750}.Release|Any CPU.Build.0 = Release|Any CPU
		{3FFDB358-B01E-40F9-8F5D-0592619BC049}.Debug|Any CPU.ActiveCfg = Debug|Any CPU
		{3FFDB358-B01E-40F9-8F5D-0592619BC049}.Debug|Any CPU.Build.0 = Debug|Any CPU
		{3FFDB358-B01E-40F9-8F5D-0592619BC049}.Release|Any CPU.ActiveCfg = Release|Any CPU
		{3FFDB358-B01E-40F9-8F5D-0592619BC049}.Release|Any CPU.Build.0 = Release|Any CPU
	EndGlobalSection
	GlobalSection(NestedProjects) = preSolution
		{D1DD80C1-9759-4EE6-8999-3B2DF80F2F3B} = {DD4E3D30-0E52-4420-B669-3BD77546ADE8}
		{467B771C-FF08-4838-BEB4-1743D18439DD} = {DD4E3D30-0E52-4420-B669-3BD77546ADE8}
		{922AF4AC-07C1-409C-9116-CA4A275217C3} = {DD4E3D30-0E52-4420-B669-3BD77546ADE8}
		{69A3A0F5-6D5F-4C58-83C4-29596FE0C0B2} = {DD4E3D30-0E52-4420-B669-3BD77546ADE8}
		{4FDF762B-0F73-4DD5-B3E1-EB71708B6B34} = {DD4E3D30-0E52-4420-B669-3BD77546ADE8}
		{5607B497-360C-4F2A-B90B-6D7E46052C62} = {DD4E3D30-0E52-4420-B669-3BD77546ADE8}
		{AAB03CC5-B3B6-4DF4-97FF-DB37951EB850} = {DD4E3D30-0E52-4420-B669-3BD77546ADE8}
		{A9EB89EE-F292-4F8B-9125-4476242E7456} = {DD4E3D30-0E52-4420-B669-3BD77546ADE8}
		{08E47F80-D83A-433A-8693-A3E63E1B9EC5} = {DD4E3D30-0E52-4420-B669-3BD77546ADE8}
		{75759C3A-35F6-4C6B-8DEF-497DFEF493E2} = {08E47F80-D83A-433A-8693-A3E63E1B9EC5}
		{50615581-630A-4A0F-B3F4-70396E2E68FB} = {08E47F80-D83A-433A-8693-A3E63E1B9EC5}
		{32F936B5-E965-4DB4-8C23-EC2957F76749} = {08E47F80-D83A-433A-8693-A3E63E1B9EC5}
		{885DD272-5DCF-4756-91E8-CCD4F94E9079} = {558EAE9E-5DD2-4C7A-B220-082D43259FC7}
		{993BF04F-4667-4C71-AF9C-3C84E694DFC2} = {558EAE9E-5DD2-4C7A-B220-082D43259FC7}
		{3A859FBB-64BD-4A43-8CA7-B69444ABEBBA} = {558EAE9E-5DD2-4C7A-B220-082D43259FC7}
		{0C472875-5A64-47D5-A3D3-85654B9AD59E} = {558EAE9E-5DD2-4C7A-B220-082D43259FC7}
		{19558DD1-77F0-4D3A-BA18-96863D2F7669} = {558EAE9E-5DD2-4C7A-B220-082D43259FC7}
		{91C0E963-86DB-4783-848D-028EA63D55ED} = {558EAE9E-5DD2-4C7A-B220-082D43259FC7}
		{F6474138-ADF9-429B-8CAC-8452AFCBD750} = {558EAE9E-5DD2-4C7A-B220-082D43259FC7}
		{3FFDB358-B01E-40F9-8F5D-0592619BC049} = {558EAE9E-5DD2-4C7A-B220-082D43259FC7}
	EndGlobalSection
EndGlobal
